<?xml version="1.0" encoding="utf-8"?>
<Project ToolsVersion="4.0" xmlns="http://schemas.microsoft.com/developer/msbuild/2003">
  <ItemGroup>
    <Filter Include="Source Files">
      <UniqueIdentifier>{114cf62c-93e6-4982-b60a-301becc0decc}</UniqueIdentifier>
      <Extensions>cpp;c;cxx;def;odl;idl;hpj;bat;asm</Extensions>
    </Filter>
    <Filter Include="Header Files">
      <UniqueIdentifier>{90b878e1-9c4f-44ac-b81b-57456b656f64}</UniqueIdentifier>
      <Extensions>h;hpp;hxx;hm;inl;inc</Extensions>
    </Filter>
    <Filter Include="Resource Files">
      <UniqueIdentifier>{c8852697-b06e-4c29-b097-ed1504d2fb74}</UniqueIdentifier>
      <Extensions>rc;ico;cur;bmp;dlg;rc2;rct;bin;rgs;jpg;jpeg;jpe;manifest</Extensions>
    </Filter>
    <Filter Include="libevent">
      <UniqueIdentifier>{f0020fbc-9537-4643-bde0-a30369e47143}</UniqueIdentifier>
    </Filter>
    <Filter Include="Nodes">
      <UniqueIdentifier>{fe8a52a1-985d-4507-b11a-a4e09b691694}</UniqueIdentifier>
    </Filter>
  </ItemGroup>
  <ItemGroup>
    <ClCompile Include="stdafx.cpp">
      <Filter>Source Files</Filter>
    </ClCompile>
    <ClCompile Include="KReClassEx.cpp">
      <Filter>Source Files</Filter>
    </ClCompile>
    <ClCompile Include="MainFrm.cpp">
      <Filter>Source Files</Filter>
    </ClCompile>
    <ClCompile Include="AboutDlg.cpp">
      <Filter>Source Files</Filter>
    </ClCompile>
    <ClCompile Include="local.cpp">
      <Filter>libevent</Filter>
    </ClCompile>
    <ClCompile Include="winsock.cpp">
      <Filter>libevent</Filter>
    </ClCompile>
    <ClCompile Include="utils.cpp">
      <Filter>libevent</Filter>
    </ClCompile>
    <ClCompile Include="netutils.cpp">
      <Filter>libevent</Filter>
    </ClCompile>
    <ClCompile Include="crypto.cpp">
      <Filter>libevent</Filter>
    </ClCompile>
    <ClCompile Include="CustomEdit.cpp">
      <Filter>Source Files</Filter>
    </ClCompile>
    <ClCompile Include="CustomToolTip.cpp">
      <Filter>Source Files</Filter>
    </ClCompile>
    <ClCompile Include="ClassView.cpp">
      <Filter>Source Files</Filter>
    </ClCompile>
    <ClCompile Include="NodeBase.cpp">
      <Filter>Nodes</Filter>
    </ClCompile>
    <ClCompile Include="NodeClass.cpp">
      <Filter>Nodes</Filter>
    </ClCompile>
    <ClCompile Include="NodeType.cpp">
      <Filter>Nodes</Filter>
    </ClCompile>
    <ClCompile Include="NodeHex64.cpp">
      <Filter>Nodes</Filter>
    </ClCompile>
  </ItemGroup>
  <ItemGroup>
    <ClInclude Include="stdafx.h">
      <Filter>Header Files</Filter>
    </ClInclude>
    <ClInclude Include="MainFrm.h">
      <Filter>Header Files</Filter>
    </ClInclude>
    <ClInclude Include="AboutDlg.h">
      <Filter>Header Files</Filter>
    </ClInclude>
    <ClInclude Include="resource.h">
      <Filter>Header Files</Filter>
    </ClInclude>
    <ClInclude Include="Ribbon.h">
      <Filter>Header Files</Filter>
    </ClInclude>
    <ClInclude Include="winsock.h">
      <Filter>libevent</Filter>
    </ClInclude>
    <ClInclude Include="local.h">
      <Filter>libevent</Filter>
    </ClInclude>
    <ClInclude Include="common.h">
      <Filter>libevent</Filter>
    </ClInclude>
    <ClInclude Include="utils.h">
      <Filter>libevent</Filter>
    </ClInclude>
    <ClInclude Include="jconf.h">
      <Filter>libevent</Filter>
    </ClInclude>
    <ClInclude Include="netutils.h">
      <Filter>libevent</Filter>
    </ClInclude>
    <ClInclude Include="crypto.h">
      <Filter>libevent</Filter>
    </ClInclude>
    <ClInclude Include="ClassView.h">
      <Filter>Header Files</Filter>
    </ClInclude>
    <ClInclude Include="Memory.h">
      <Filter>Header Files</Filter>
    </ClInclude>
    <ClInclude Include="CustomEdit.h">
      <Filter>Header Files</Filter>
    </ClInclude>
    <ClInclude Include="HotSpot.h">
      <Filter>Header Files</Filter>
    </ClInclude>
    <ClInclude Include="CustomToolTip.h">
      <Filter>Header Files</Filter>
    </ClInclude>
    <ClInclude Include="NodeBase.h">
      <Filter>Nodes</Filter>
    </ClInclude>
    <ClInclude Include="NodeTypes.h">
      <Filter>Nodes</Filter>
    </ClInclude>
    <ClInclude Include="NodeClass.h">
      <Filter>Nodes</Filter>
    </ClInclude>
    <ClInclude Include="NodeHex64.h">
      <Filter>Nodes</Filter>
    </ClInclude>
    <ClInclude Include="Nodes.h">
      <Filter>Nodes</Filter>
    </ClInclude>
  </ItemGroup>
  <ItemGroup>
    <ResourceCompile Include="KReClassEx.rc">
      <Filter>Resource Files</Filter>
    </ResourceCompile>
  </ItemGroup>
  <ItemGroup>
    <Image Include="res\toolbar.bmp">
      <Filter>Resource Files</Filter>
    </Image>
    <Image Include="res\Undo.bmp">
      <Filter>Resource Files</Filter>
    </Image>
    <Image Include="res\reset.bmp">
      <Filter>Resource Files</Filter>
    </Image>
    <Image Include="res\icons\add.ico">
      <Filter>Resource Files</Filter>
    </Image>
    <Image Include="res\icons\array.ico">
      <Filter>Resource Files</Filter>
    </Image>
    <Image Include="res\icons\arrow_icon.ico">
      <Filter>Resource Files</Filter>
    </Image>
    <Image Include="res\icons\camera.ico">
      <Filter>Resource Files</Filter>
    </Image>
    <Image Include="res\icons\close.ico">
      <Filter>Resource Files</Filter>
    </Image>
    <Image Include="res\icons\closed.ico">
      <Filter>Resource Files</Filter>
    </Image>
    <Image Include="res\icons\custom.ico">
      <Filter>Resource Files</Filter>
    </Image>
    <Image Include="res\icons\enum.ico">
      <Filter>Resource Files</Filter>
    </Image>
    <Image Include="res\icons\exchange.ico">
      <Filter>Resource Files</Filter>
    </Image>
    <Image Include="res\icons\float.ico">
      <Filter>Resource Files</Filter>
    </Image>
    <Image Include="res\icons\general_class_VS.ico">
      <Filter>Resource Files</Filter>
    </Image>
    <Image Include="res\icons\general_interface_VS.ico">
      <Filter>Resource Files</Filter>
    </Image>
    <Image Include="res\icons\general_method_VS.ico">
      <Filter>Resource Files</Filter>
    </Image>
    <Image Include="res\icons\left.ico">
      <Filter>Resource Files</Filter>
    </Image>
    <Image Include="res\icons\matrix.ico">
      <Filter>Resource Files</Filter>
    </Image>
    <Image Include="res\icons\open.ico">
      <Filter>Resource Files</Filter>
    </Image>
    <Image Include="res\icons\pointer.ico">
      <Filter>Resource Files</Filter>
    </Image>
    <Image Include="res\icons\right.ico">
      <Filter>Resource Files</Filter>
    </Image>
    <Image Include="res\icons\signed.ico">
      <Filter>Resource Files</Filter>
    </Image>
    <Image Include="res\icons\speles_random_ico.ico">
      <Filter>Resource Files</Filter>
    </Image>
    <Image Include="res\icons\text.ico">
      <Filter>Resource Files</Filter>
    </Image>
    <Image Include="res\icons\unsigned.ico">
      <Filter>Resource Files</Filter>
    </Image>
    <Image Include="res\icons\vector.ico">
      <Filter>Resource Files</Filter>
    </Image>
    <Image Include="res\icons\icon.png" />
    <Image Include="res\KReClassEx.ico">
      <Filter>Resource Files</Filter>
    </Image>
  </ItemGroup>
  <ItemGroup>
    <CustomBuild Include="Ribbon.xml" />
  </ItemGroup>
  <ItemGroup>
    <None Include="packages.config" />
  </ItemGroup>
</Project>