
Microsoft Visual Studio Solution File, Format Version 12.00
# Visual Studio Version 16
VisualStudioVersion = 16.0.33328.57
MinimumVisualStudioVersion = 10.0.40219.1
Project("{8BC9CEB8-8B4A-11D0-8D11-00A0C91BC942}") = "KReClassEx", "KReClassEx\KReClassEx.vcxproj", "{ACA294E2-BA7F-4709-B0BE-98AD444B024C}"
EndProject
Project("{8BC9CEB8-8B4A-11D0-8D11-00A0C91BC942}") = "KDbgEngExt", "KDbgEngExt\KDbgEngExt.vcxproj", "{AE975651-E7B6-462B-AF84-B4F66FCBB7E5}"
EndProject
Project("{8BC9CEB8-8B4A-11D0-8D11-00A0C91BC942}") = "Lexilla", "lexilla\src\Lexilla.vcxproj", "{E541C9BE-13BC-4CE6-A0A4-31145F51A2C1}"
EndProject
Project("{8BC9CEB8-8B4A-11D0-8D11-00A0C91BC942}") = "Scintilla", "scintilla\win32\Scintilla.vcxproj", "{19CCA8B8-46B9-4609-B7CE-198DA19F07BD}"
EndProject
Global
	GlobalSection(SolutionConfigurationPlatforms) = preSolution
		Debug|ARM64 = Debug|ARM64
		Debug|x64 = Debug|x64
		Debug|x86 = Debug|x86
		Release|ARM64 = Release|ARM64
		Release|x64 = Release|x64
		Release|x86 = Release|x86
	EndGlobalSection
	GlobalSection(ProjectConfigurationPlatforms) = postSolution
		{ACA294E2-BA7F-4709-B0BE-98AD444B024C}.Debug|ARM64.ActiveCfg = Debug|Win32
		{ACA294E2-BA7F-4709-B0BE-98AD444B024C}.Debug|x64.ActiveCfg = Debug|x64
		{ACA294E2-BA7F-4709-B0BE-98AD444B024C}.Debug|x64.Build.0 = Debug|x64
		{ACA294E2-BA7F-4709-B0BE-98AD444B024C}.Debug|x86.ActiveCfg = Debug|Win32
		{ACA294E2-BA7F-4709-B0BE-98AD444B024C}.Debug|x86.Build.0 = Debug|Win32
		{ACA294E2-BA7F-4709-B0BE-98AD444B024C}.Release|ARM64.ActiveCfg = Release|Win32
		{ACA294E2-BA7F-4709-B0BE-98AD444B024C}.Release|x64.ActiveCfg = Release|x64
		{ACA294E2-BA7F-4709-B0BE-98AD444B024C}.Release|x64.Build.0 = Release|x64
		{ACA294E2-BA7F-4709-B0BE-98AD444B024C}.Release|x86.ActiveCfg = Release|Win32
		{ACA294E2-BA7F-4709-B0BE-98AD444B024C}.Release|x86.Build.0 = Release|Win32
		{AE975651-E7B6-462B-AF84-B4F66FCBB7E5}.Debug|ARM64.ActiveCfg = Debug|Win32
		{AE975651-E7B6-462B-AF84-B4F66FCBB7E5}.Debug|x64.ActiveCfg = Debug|x64
		{AE975651-E7B6-462B-AF84-B4F66FCBB7E5}.Debug|x64.Build.0 = Debug|x64
		{AE975651-E7B6-462B-AF84-B4F66FCBB7E5}.Debug|x86.ActiveCfg = Debug|Win32
		{AE975651-E7B6-462B-AF84-B4F66FCBB7E5}.Debug|x86.Build.0 = Debug|Win32
		{AE975651-E7B6-462B-AF84-B4F66FCBB7E5}.Release|ARM64.ActiveCfg = Release|Win32
		{AE975651-E7B6-462B-AF84-B4F66FCBB7E5}.Release|x64.ActiveCfg = Release|x64
		{AE975651-E7B6-462B-AF84-B4F66FCBB7E5}.Release|x64.Build.0 = Release|x64
		{AE975651-E7B6-462B-AF84-B4F66FCBB7E5}.Release|x86.ActiveCfg = Release|Win32
		{AE975651-E7B6-462B-AF84-B4F66FCBB7E5}.Release|x86.Build.0 = Release|Win32
		{E541C9BE-13BC-4CE6-A0A4-31145F51A2C1}.Debug|ARM64.ActiveCfg = Debug|ARM64
		{E541C9BE-13BC-4CE6-A0A4-31145F51A2C1}.Debug|ARM64.Build.0 = Debug|ARM64
		{E541C9BE-13BC-4CE6-A0A4-31145F51A2C1}.Debug|x64.ActiveCfg = Debug|x64
		{E541C9BE-13BC-4CE6-A0A4-31145F51A2C1}.Debug|x64.Build.0 = Debug|x64
		{E541C9BE-13BC-4CE6-A0A4-31145F51A2C1}.Debug|x86.ActiveCfg = Debug|Win32
		{E541C9BE-13BC-4CE6-A0A4-31145F51A2C1}.Debug|x86.Build.0 = Debug|Win32
		{E541C9BE-13BC-4CE6-A0A4-31145F51A2C1}.Release|ARM64.ActiveCfg = Release|ARM64
		{E541C9BE-13BC-4CE6-A0A4-31145F51A2C1}.Release|ARM64.Build.0 = Release|ARM64
		{E541C9BE-13BC-4CE6-A0A4-31145F51A2C1}.Release|x64.ActiveCfg = Release|x64
		{E541C9BE-13BC-4CE6-A0A4-31145F51A2C1}.Release|x64.Build.0 = Release|x64
		{E541C9BE-13BC-4CE6-A0A4-31145F51A2C1}.Release|x86.ActiveCfg = Release|Win32
		{E541C9BE-13BC-4CE6-A0A4-31145F51A2C1}.Release|x86.Build.0 = Release|Win32
		{19CCA8B8-46B9-4609-B7CE-198DA19F07BD}.Debug|ARM64.ActiveCfg = Debug|ARM64
		{19CCA8B8-46B9-4609-B7CE-198DA19F07BD}.Debug|ARM64.Build.0 = Debug|ARM64
		{19CCA8B8-46B9-4609-B7CE-198DA19F07BD}.Debug|x64.ActiveCfg = Debug|x64
		{19CCA8B8-46B9-4609-B7CE-198DA19F07BD}.Debug|x64.Build.0 = Debug|x64
		{19CCA8B8-46B9-4609-B7CE-198DA19F07BD}.Debug|x86.ActiveCfg = Debug|Win32
		{19CCA8B8-46B9-4609-B7CE-198DA19F07BD}.Debug|x86.Build.0 = Debug|Win32
		{19CCA8B8-46B9-4609-B7CE-198DA19F07BD}.Release|ARM64.ActiveCfg = Release|ARM64
		{19CCA8B8-46B9-4609-B7CE-198DA19F07BD}.Release|ARM64.Build.0 = Release|ARM64
		{19CCA8B8-46B9-4609-B7CE-198DA19F07BD}.Release|x64.ActiveCfg = Release|x64
		{19CCA8B8-46B9-4609-B7CE-198DA19F07BD}.Release|x64.Build.0 = Release|x64
		{19CCA8B8-46B9-4609-B7CE-198DA19F07BD}.Release|x86.ActiveCfg = Release|Win32
		{19CCA8B8-46B9-4609-B7CE-198DA19F07BD}.Release|x86.Build.0 = Release|Win32
	EndGlobalSection
	GlobalSection(SolutionProperties) = preSolution
		HideSolutionNode = FALSE
	EndGlobalSection
	GlobalSection(ExtensibilityGlobals) = postSolution
		SolutionGuid = {F45F4D10-0139-4916-956E-B06DE9D8D3E1}
	EndGlobalSection
EndGlobal
